<?xml version="1.0" encoding="utf-8"?>
<Project ToolsVersion="4.0" xmlns="http://schemas.microsoft.com/developer/msbuild/2003">
  <ItemGroup>
    <ClCompile Include="Source\Log.cpp">
      <Filter>Utils</Filter>
    </ClCompile>
    <ClCompile Include="Source\External\PugiXml\src\pugixml.cpp">
      <Filter>External\PugiXml</Filter>
    </ClCompile>
    <ClCompile Include="Source\GuiButton.cpp">
      <Filter>Buttons</Filter>
    </ClCompile>
    <ClCompile Include="Source\GuiManager.cpp">
      <Filter>Buttons</Filter>
    </ClCompile>
    <ClCompile Include="Source\Scene.cpp">
      <Filter>Scene</Filter>
    </ClCompile>
    <ClCompile Include="Source\App.cpp">
      <Filter>Gamecore</Filter>
    </ClCompile>
    <ClCompile Include="Source\Audio.cpp">
      <Filter>Gamecore</Filter>
    </ClCompile>
    <ClCompile Include="Source\Input.cpp">
      <Filter>Gamecore</Filter>
    </ClCompile>
    <ClCompile Include="Source\Main.cpp">
      <Filter>Gamecore</Filter>
    </ClCompile>
    <ClCompile Include="Source\Render.cpp">
      <Filter>Gamecore</Filter>
    </ClCompile>
    <ClCompile Include="Source\Textures.cpp">
      <Filter>Gamecore</Filter>
    </ClCompile>
    <ClCompile Include="Source\Window.cpp">
      <Filter>Gamecore</Filter>
    </ClCompile>
    <ClCompile Include="Source\PerfTimer.cpp">
      <Filter>Time</Filter>
    </ClCompile>
    <ClCompile Include="Source\Timer.cpp">
      <Filter>Time</Filter>
    </ClCompile>
    <ClCompile Include="Source\InpButton.cpp">
      <Filter>Buttons</Filter>
    </ClCompile>
  </ItemGroup>
  <ItemGroup>
    <ClInclude Include="Source\Defs.h">
      <Filter>Utils</Filter>
    </ClInclude>
    <ClInclude Include="Source\DynArray.h">
      <Filter>Utils</Filter>
    </ClInclude>
    <ClInclude Include="Source\List.h">
      <Filter>Utils</Filter>
    </ClInclude>
    <ClInclude Include="Source\Log.h">
      <Filter>Utils</Filter>
    </ClInclude>
    <ClInclude Include="Source\Point.h">
      <Filter>Utils</Filter>
    </ClInclude>
    <ClInclude Include="Source\SString.h">
      <Filter>Utils</Filter>
    </ClInclude>
    <ClInclude Include="Source\External\PugiXml\src\pugiconfig.hpp">
      <Filter>External\PugiXml</Filter>
    </ClInclude>
    <ClInclude Include="Source\External\PugiXml\src\pugixml.hpp">
      <Filter>External\PugiXml</Filter>
    </ClInclude>
    <ClInclude Include="Source\Queue.h">
      <Filter>Utils</Filter>
    </ClInclude>
    <ClInclude Include="Source\PQueue.h">
      <Filter>Utils</Filter>
    </ClInclude>
    <ClInclude Include="Source\GuiButton.h">
      <Filter>Buttons</Filter>
    </ClInclude>
    <ClInclude Include="Source\GuiControl.h">
      <Filter>Buttons</Filter>
    </ClInclude>
    <ClInclude Include="Source\GuiManager.h">
      <Filter>Buttons</Filter>
    </ClInclude>
    <ClInclude Include="Source\Scene.h">
      <Filter>Scene</Filter>
    </ClInclude>
    <ClInclude Include="Source\App.h">
      <Filter>Gamecore</Filter>
    </ClInclude>
    <ClInclude Include="Source\Audio.h">
      <Filter>Gamecore</Filter>
    </ClInclude>
    <ClInclude Include="Source\Input.h">
      <Filter>Gamecore</Filter>
    </ClInclude>
    <ClInclude Include="Source\Module.h">
      <Filter>Gamecore</Filter>
    </ClInclude>
    <ClInclude Include="Source\Render.h">
      <Filter>Gamecore</Filter>
    </ClInclude>
    <ClInclude Include="Source\Textures.h">
      <Filter>Gamecore</Filter>
    </ClInclude>
    <ClInclude Include="Source\Window.h">
      <Filter>Gamecore</Filter>
    </ClInclude>
    <ClInclude Include="Source\PerfTimer.h">
      <Filter>Time</Filter>
    </ClInclude>
    <ClInclude Include="Source\Timer.h">
      <Filter>Time</Filter>
    </ClInclude>
    <ClInclude Include="Source\InpButton.h">
      <Filter>Buttons</Filter>
    </ClInclude>
    <ClInclude Include="Source\Animation.h">
      <Filter>Utils</Filter>
    </ClInclude>
  </ItemGroup>
  <ItemGroup>
    <Filter Include="External">
      <UniqueIdentifier>{83a966c7-b4bb-4eff-9c2c-3ff3c7b55a60}</UniqueIdentifier>
    </Filter>
    <Filter Include="Utils">
      <UniqueIdentifier>{2cad778a-d356-48b0-9fee-587f1bbb187e}</UniqueIdentifier>
    </Filter>
    <Filter Include="External\PugiXml">
      <UniqueIdentifier>{2855ff7f-53a1-413d-a75b-18b4ade921dd}</UniqueIdentifier>
    </Filter>
    <Filter Include="Gamecore">
      <UniqueIdentifier>{42a6697c-f40c-449e-a3c3-3d4f16977b54}</UniqueIdentifier>
    </Filter>
    <Filter Include="Buttons">
      <UniqueIdentifier>{34a68db1-59c1-4614-b521-d9d63014ad5a}</UniqueIdentifier>
    </Filter>
    <Filter Include="Scene">
      <UniqueIdentifier>{5d2309bd-84ce-45c7-97f6-7a99c7b983fa}</UniqueIdentifier>
    </Filter>
    <Filter Include="Time">
      <UniqueIdentifier>{719f81aa-6272-4e75-adcd-b9aea65e2a2d}</UniqueIdentifier>
    </Filter>
  </ItemGroup>
</Project>